{
    "_readme": [
        "This file locks the dependencies of your project to a known state",
        "Read more about it at https://getcomposer.org/doc/01-basic-usage.md#installing-dependencies",
        "This file is @generated automatically"
    ],
    "content-hash": "c5e7d46f042b74d694b3948a49262d20",
    "packages": [
        {
            "name": "doctrine/collections",
            "version": "dev-master",
            "source": {
                "type": "git",
                "url": "https://github.com/doctrine/collections.git",
                "reference": "8e8233f4cf66234f1d3dff83bca15ac3e90af59e"
            },
            "dist": {
                "type": "zip",
                "url": "https://api.github.com/repos/doctrine/collections/zipball/8e8233f4cf66234f1d3dff83bca15ac3e90af59e",
                "reference": "8e8233f4cf66234f1d3dff83bca15ac3e90af59e",
                "shasum": ""
            },
            "require": {
                "php": "^7.2 || ^8.0"
            },
            "require-dev": {
                "doctrine/coding-standard": "^6.0",
                "ext-json": "*",
                "infection/infection": "^0.14.2",
                "phpstan/phpstan": "^0.11",
                "phpstan/phpstan-phpunit": "^0.11",
                "phpunit/phpunit": "^8.0",
                "vimeo/psalm": "^3.8.1"
            },
            "type": "library",
            "extra": {
                "branch-alias": {
                    "dev-master": "2.0.x-dev"
                }
            },
            "autoload": {
                "psr-4": {
                    "Doctrine\\Common\\Collections\\": "lib/Doctrine/Common/Collections"
                }
            },
            "notification-url": "https://packagist.org/downloads/",
            "license": [
                "MIT"
            ],
            "authors": [
                {
                    "name": "Guilherme Blanco",
                    "email": "guilhermeblanco@gmail.com"
                },
                {
                    "name": "Roman Borschel",
                    "email": "roman@code-factory.org"
                },
                {
                    "name": "Benjamin Eberlei",
                    "email": "kontakt@beberlei.de"
                },
                {
                    "name": "Jonathan Wage",
                    "email": "jonwage@gmail.com"
                },
                {
                    "name": "Johannes Schmitt",
                    "email": "schmittjoh@gmail.com"
                }
            ],
            "description": "PHP Doctrine Collections library that adds additional functionality on top of PHP arrays.",
            "homepage": "https://www.doctrine-project.org/projects/collections.html",
            "keywords": [
                "array",
                "collections",
                "iterators",
                "php"
            ],
            "funding": [
                {
                    "url": "https://www.doctrine-project.org/sponsorship.html",
                    "type": "custom"
                },
                {
                    "url": "https://www.patreon.com/phpdoctrine",
                    "type": "patreon"
                },
                {
                    "url": "https://tidelift.com/funding/github/packagist/doctrine%2Fcollections",
                    "type": "tidelift"
                }
            ],
            "time": "2020-06-21T20:51:28+00:00"
        }
    ],
    "packages-dev": [],
    "aliases": [],
    "minimum-stability": "dev",
    "stability-flags": {
        "doctrine/collections": 20
    },
    "prefer-stable": false,
    "prefer-lowest": false,
    "platform": {
        "php": ">=7.2.5",
        "ext-json": "*"
    },
    "platform-dev": [],
    "plugin-api-version": "1.1.0"
}
